// !$*UTF8*$!
{
	archiveVersion = 1;
	classes = {
	};
	objectVersion = 77;
	objects = {

/* Begin PBXContainerItemProxy section */
		A10000000000000000000031 /* PBXContainerItemProxy */ = {
			isa = PBXContainerItemProxy;
			containerPortal = A10000000000000000000001 /* Project object */;
			proxyType = 1;
			remoteGlobalIDString = A10000000000000000000011;
			remoteInfo = Myrtine;
		};
		A10000000000000000000032 /* PBXContainerItemProxy */ = {
			isa = PBXContainerItemProxy;
			containerPortal = A10000000000000000000001 /* Project object */;
			proxyType = 1;
			remoteGlobalIDString = A10000000000000000000011;
			remoteInfo = Myrtine;
		};
/* End PBXContainerItemProxy section */

/* Begin PBXFileReference section */
		A10000000000000000000021 /* Myrtine.app */ = {isa = PBXFileReference; explicitFileType = wrapper.application; includeInIndex = 0; path = Myrtine.app; sourceTree = BUILT_PRODUCTS_DIR; };
		A10000000000000000000022 /* MyrtineTests.xctest */ = {isa = PBXFileReference; explicitFileType = wrapper.cfbundle; includeInIndex = 0; path = MyrtineTests.xctest; sourceTree = BUILT_PRODUCTS_DIR; };
		A10000000000000000000023 /* MyrtineUITests.xctest */ = {isa = PBXFileReference; explicitFileType = wrapper.cfbundle; includeInIndex = 0; path = MyrtineUITests.xctest; sourceTree = BUILT_PRODUCTS_DIR; };
/* End PBXFileReference section */

/* Begin PBXFileSystemSynchronizedRootGroup section */
		A10000000000000000000041 /* Myrtine */ = {
			isa = PBXFileSystemSynchronizedRootGroup;
			explicitFileTypes = {};
			explicitFolders = ();
			path = Myrtine;
			sourceTree = "<group>";
		};
		A10000000000000000000042 /* MyrtineTests */ = {
			isa = PBXFileSystemSynchronizedRootGroup;
			explicitFileTypes = {};
			explicitFolders = ();
			path = MyrtineTests;
			sourceTree = "<group>";
		};
		A10000000000000000000043 /* MyrtineUITests */ = {
			isa = PBXFileSystemSynchronizedRootGroup;
			explicitFileTypes = {};
			explicitFolders = ();
			path = MyrtineUITests;
			sourceTree = "<group>";
		};
/* End PBXFileSystemSynchronizedRootGroup section */

/* Begin PBXFrameworksBuildPhase section */
		A10000000000000000000051 /* Frameworks */ = {isa = PBXFrameworksBuildPhase; buildActionMask = 2147483647; files = (); runOnlyForDeploymentPostprocessing = 0; };
		A10000000000000000000052 /* Frameworks */ = {isa = PBXFrameworksBuildPhase; buildActionMask = 2147483647; files = (); runOnlyForDeploymentPostprocessing = 0; };
		A10000000000000000000053 /* Frameworks */ = {isa = PBXFrameworksBuildPhase; buildActionMask = 2147483647; files = (); runOnlyForDeploymentPostprocessing = 0; };
/* End PBXFrameworksBuildPhase section */

/* Begin PBXGroup section */
		A10000000000000000000002 = {
			isa = PBXGroup;
			children = (
				A10000000000000000000041 /* Myrtine */,
				A10000000000000000000042 /* MyrtineTests */,
				A10000000000000000000043 /* MyrtineUITests */,
				A10000000000000000000003 /* Products */,
			);
			sourceTree = "<group>";
		};
		A10000000000000000000003 /* Products */ = {
			isa = PBXGroup;
			children = (
				A10000000000000000000021 /* Myrtine.app */,
				A10000000000000000000022 /* MyrtineTests.xctest */,
				A10000000000000000000023 /* MyrtineUITests.xctest */,
			);
			name = Products;
			sourceTree = "<group>";
		};
/* End PBXGroup section */

/* Begin PBXNativeTarget section */
		A10000000000000000000011 /* Myrtine */ = {
			isa = PBXNativeTarget;
			buildConfigurationList = A10000000000000000000071 /* Build configuration list for PBXNativeTarget "Myrtine" */;
			buildPhases = (
				A10000000000000000000061 /* Sources */,
				A10000000000000000000051 /* Frameworks */,
				A10000000000000000000064 /* Resources */,
			);
			buildRules = ();
			dependencies = ();
			fileSystemSynchronizedGroups = (A10000000000000000000041 /* Myrtine */);
			name = Myrtine;
			packageProductDependencies = ();
			productName = Myrtine;
			productReference = A10000000000000000000021 /* Myrtine.app */;
			productType = "com.apple.product-type.application";
		};
		A10000000000000000000012 /* MyrtineTests */ = {
			isa = PBXNativeTarget;
			buildConfigurationList = A10000000000000000000072 /* Build configuration list for PBXNativeTarget "MyrtineTests" */;
			buildPhases = (A10000000000000000000062 /* Sources */, A10000000000000000000052 /* Frameworks */, A10000000000000000000065 /* Resources */);
			buildRules = ();
			dependencies = (A10000000000000000000033 /* PBXTargetDependency */);
			fileSystemSynchronizedGroups = (A10000000000000000000042 /* MyrtineTests */);
			name = MyrtineTests;
			packageProductDependencies = ();
			productName = MyrtineTests;
			productReference = A10000000000000000000022 /* MyrtineTests.xctest */;
			productType = "com.apple.product-type.bundle.unit-test";
		};
		A10000000000000000000013 /* MyrtineUITests */ = {
			isa = PBXNativeTarget;
			buildConfigurationList = A10000000000000000000073 /* Build configuration list for PBXNativeTarget "MyrtineUITests" */;
			buildPhases = (A10000000000000000000063 /* Sources */, A10000000000000000000053 /* Frameworks */, A10000000000000000000066 /* Resources */);
			buildRules = ();
			dependencies = (A10000000000000000000034 /* PBXTargetDependency */);
			fileSystemSynchronizedGroups = (A10000000000000000000043 /* MyrtineUITests */);
			name = MyrtineUITests;
			packageProductDependencies = ();
			productName = MyrtineUITests;
			productReference = A10000000000000000000023 /* MyrtineUITests.xctest */;
			productType = "com.apple.product-type.bundle.ui-testing";
		};
/* End PBXNativeTarget section */

/* Begin PBXProject section */
		A10000000000000000000001 /* Project object */ = {
			isa = PBXProject;
			attributes = {
				BuildIndependentTargetsInParallel = 1;
				LastSwiftUpdateCheck = 2600;
				LastUpgradeCheck = 2600;
				TargetAttributes = {
					A10000000000000000000011 = {CreatedOnToolsVersion = 26.0; };
					A10000000000000000000012 = {CreatedOnToolsVersion = 26.0; TestTargetID = A10000000000000000000011; };
					A10000000000000000000013 = {CreatedOnToolsVersion = 26.0; TestTargetID = A10000000000000000000011; };
				};
			};
			buildConfigurationList = A10000000000000000000070 /* Build configuration list for PBXProject "Myrtine" */;
			developmentRegion = fr;
			hasScannedForEncodings = 0;
			knownRegions = (fr, en, Base);
			mainGroup = A10000000000000000000002;
			minimizedProjectReferenceProxies = 1;
			preferredProjectObjectVersion = 77;
			productRefGroup = A10000000000000000000003 /* Products */;
			projectDirPath = "";
			projectRoot = "";
			targets = (A10000000000000000000011 /* Myrtine */, A10000000000000000000012 /* MyrtineTests */, A10000000000000000000013 /* MyrtineUITests */);
		};
/* End PBXProject section */

/* Begin PBXResourcesBuildPhase section */
		A10000000000000000000064 /* Resources */ = {isa = PBXResourcesBuildPhase; buildActionMask = 2147483647; files = (); runOnlyForDeploymentPostprocessing = 0; };
		A10000000000000000000065 /* Resources */ = {isa = PBXResourcesBuildPhase; buildActionMask = 2147483647; files = (); runOnlyForDeploymentPostprocessing = 0; };
		A10000000000000000000066 /* Resources */ = {isa = PBXResourcesBuildPhase; buildActionMask = 2147483647; files = (); runOnlyForDeploymentPostprocessing = 0; };
/* End PBXResourcesBuildPhase section */

/* Begin PBXSourcesBuildPhase section */
		A10000000000000000000061 /* Sources */ = {isa = PBXSourcesBuildPhase; buildActionMask = 2147483647; files = (); runOnlyForDeploymentPostprocessing = 0; };
		A10000000000000000000062 /* Sources */ = {isa = PBXSourcesBuildPhase; buildActionMask = 2147483647; files = (); runOnlyForDeploymentPostprocessing = 0; };
		A10000000000000000000063 /* Sources */ = {isa = PBXSourcesBuildPhase; buildActionMask = 2147483647; files = (); runOnlyForDeploymentPostprocessing = 0; };
/* End PBXSourcesBuildPhase section */

/* Begin PBXTargetDependency section */
		A10000000000000000000033 /* PBXTargetDependency */ = {isa = PBXTargetDependency; target = A10000000000000000000011 /* Myrtine */; targetProxy = A10000000000000000000031 /* PBXContainerItemProxy */; };
		A10000000000000000000034 /* PBXTargetDependency */ = {isa = PBXTargetDependency; target = A10000000000000000000011 /* Myrtine */; targetProxy = A10000000000000000000032 /* PBXContainerItemProxy */; };
/* End PBXTargetDependency section */

/* Begin XCBuildConfiguration section */
		A10000000000000000000081 /* Debug */ = {isa = XCBuildConfiguration; buildSettings = {ALWAYS_SEARCH_USER_PATHS = NO; CLANG_ENABLE_MODULES = YES; ENABLE_TESTABILITY = YES; GCC_C_LANGUAGE_STANDARD = gnu17; IPHONEOS_DEPLOYMENT_TARGET = 26.0; SDKROOT = iphoneos; SWIFT_ACTIVE_COMPILATION_CONDITIONS = "DEBUG $(inherited)"; SWIFT_OPTIMIZATION_LEVEL = "-Onone"; SWIFT_VERSION = 6.0; }; name = Debug; };
		A10000000000000000000082 /* Release */ = {isa = XCBuildConfiguration; buildSettings = {ALWAYS_SEARCH_USER_PATHS = NO; CLANG_ENABLE_MODULES = YES; GCC_C_LANGUAGE_STANDARD = gnu17; IPHONEOS_DEPLOYMENT_TARGET = 26.0; SDKROOT = iphoneos; SWIFT_COMPILATION_MODE = wholemodule; SWIFT_OPTIMIZATION_LEVEL = "-O"; SWIFT_VERSION = 6.0; VALIDATE_PRODUCT = YES; }; name = Release; };
		A10000000000000000000083 /* Debug */ = {isa = XCBuildConfiguration; buildSettings = {APS_ENVIRONMENT = development; ASSETCATALOG_COMPILER_ACCENT_COLOR_NAME = AccentColor; ASSETCATALOG_COMPILER_APPICON_NAME = AppIcon; CODE_SIGN_ENTITLEMENTS = Myrtine/Myrtine.entitlements; CODE_SIGN_STYLE = Automatic; CURRENT_PROJECT_VERSION = 1; DEVELOPMENT_ASSET_PATHS = ""; ENABLE_PREVIEWS = YES; GENERATE_INFOPLIST_FILE = YES; INFOPLIST_KEY_CFBundleDisplayName = Myrtine; INFOPLIST_KEY_LSApplicationCategoryType = "public.app-category.business"; INFOPLIST_KEY_UIApplicationSupportsIndirectInputEvents = YES; INFOPLIST_KEY_UILaunchScreen_Generation = YES; INFOPLIST_KEY_UISupportedInterfaceOrientations = UIInterfaceOrientationPortrait; MARKETING_VERSION = 1.0; PRODUCT_BUNDLE_IDENTIFIER = fr.myrtine.admin; PRODUCT_NAME = "$(TARGET_NAME)"; SUPPORTED_PLATFORMS = "iphoneos iphonesimulator"; SUPPORTS_MACCATALYST = NO; SWIFT_EMIT_LOC_STRINGS = YES; TARGETED_DEVICE_FAMILY = 1; }; name = Debug; };
		A10000000000000000000084 /* Release */ = {isa = XCBuildConfiguration; buildSettings = {APS_ENVIRONMENT = production; ASSETCATALOG_COMPILER_ACCENT_COLOR_NAME = AccentColor; ASSETCATALOG_COMPILER_APPICON_NAME = AppIcon; CODE_SIGN_ENTITLEMENTS = Myrtine/Myrtine.entitlements; CODE_SIGN_STYLE = Automatic; CURRENT_PROJECT_VERSION = 1; ENABLE_PREVIEWS = YES; GENERATE_INFOPLIST_FILE = YES; INFOPLIST_KEY_CFBundleDisplayName = Myrtine; INFOPLIST_KEY_LSApplicationCategoryType = "public.app-category.business"; INFOPLIST_KEY_UIApplicationSupportsIndirectInputEvents = YES; INFOPLIST_KEY_UILaunchScreen_Generation = YES; INFOPLIST_KEY_UISupportedInterfaceOrientations = UIInterfaceOrientationPortrait; MARKETING_VERSION = 1.0; PRODUCT_BUNDLE_IDENTIFIER = fr.myrtine.admin; PRODUCT_NAME = "$(TARGET_NAME)"; SUPPORTED_PLATFORMS = "iphoneos iphonesimulator"; SUPPORTS_MACCATALYST = NO; SWIFT_EMIT_LOC_STRINGS = YES; TARGETED_DEVICE_FAMILY = 1; }; name = Release; };
		A10000000000000000000085 /* Debug */ = {isa = XCBuildConfiguration; buildSettings = {BUNDLE_LOADER = "$(TEST_HOST)"; CODE_SIGN_STYLE = Automatic; GENERATE_INFOPLIST_FILE = YES; IPHONEOS_DEPLOYMENT_TARGET = 26.0; PRODUCT_BUNDLE_IDENTIFIER = fr.myrtine.admin.tests; PRODUCT_NAME = "$(TARGET_NAME)"; SWIFT_VERSION = 6.0; TARGETED_DEVICE_FAMILY = 1; TEST_HOST = "$(BUILT_PRODUCTS_DIR)/Myrtine.app/$(BUNDLE_EXECUTABLE_FOLDER_PATH)/Myrtine"; }; name = Debug; };
		A10000000000000000000086 /* Release */ = {isa = XCBuildConfiguration; buildSettings = {BUNDLE_LOADER = "$(TEST_HOST)"; CODE_SIGN_STYLE = Automatic; GENERATE_INFOPLIST_FILE = YES; IPHONEOS_DEPLOYMENT_TARGET = 26.0; PRODUCT_BUNDLE_IDENTIFIER = fr.myrtine.admin.tests; PRODUCT_NAME = "$(TARGET_NAME)"; SWIFT_VERSION = 6.0; TARGETED_DEVICE_FAMILY = 1; TEST_HOST = "$(BUILT_PRODUCTS_DIR)/Myrtine.app/$(BUNDLE_EXECUTABLE_FOLDER_PATH)/Myrtine"; }; name = Release; };
		A10000000000000000000087 /* Debug */ = {isa = XCBuildConfiguration; buildSettings = {CODE_SIGN_STYLE = Automatic; GENERATE_INFOPLIST_FILE = YES; IPHONEOS_DEPLOYMENT_TARGET = 26.0; PRODUCT_BUNDLE_IDENTIFIER = fr.myrtine.admin.uitests; PRODUCT_NAME = "$(TARGET_NAME)"; SWIFT_VERSION = 6.0; TARGETED_DEVICE_FAMILY = 1; TEST_TARGET_NAME = Myrtine; }; name = Debug; };
		A10000000000000000000088 /* Release */ = {isa = XCBuildConfiguration; buildSettings = {CODE_SIGN_STYLE = Automatic; GENERATE_INFOPLIST_FILE = YES; IPHONEOS_DEPLOYMENT_TARGET = 26.0; PRODUCT_BUNDLE_IDENTIFIER = fr.myrtine.admin.uitests; PRODUCT_NAME = "$(TARGET_NAME)"; SWIFT_VERSION = 6.0; TARGETED_DEVICE_FAMILY = 1; TEST_TARGET_NAME = Myrtine; }; name = Release; };
/* End XCBuildConfiguration section */

/* Begin XCConfigurationList section */
		A10000000000000000000070 /* Build configuration list for PBXProject "Myrtine" */ = {isa = XCConfigurationList; buildConfigurations = (A10000000000000000000081 /* Debug */, A10000000000000000000082 /* Release */); defaultConfigurationIsVisible = 0; defaultConfigurationName = Release; };
		A10000000000000000000071 /* Build configuration list for PBXNativeTarget "Myrtine" */ = {isa = XCConfigurationList; buildConfigurations = (A10000000000000000000083 /* Debug */, A10000000000000000000084 /* Release */); defaultConfigurationIsVisible = 0; defaultConfigurationName = Release; };
		A10000000000000000000072 /* Build configuration list for PBXNativeTarget "MyrtineTests" */ = {isa = XCConfigurationList; buildConfigurations = (A10000000000000000000085 /* Debug */, A10000000000000000000086 /* Release */); defaultConfigurationIsVisible = 0; defaultConfigurationName = Release; };
		A10000000000000000000073 /* Build configuration list for PBXNativeTarget "MyrtineUITests" */ = {isa = XCConfigurationList; buildConfigurations = (A10000000000000000000087 /* Debug */, A10000000000000000000088 /* Release */); defaultConfigurationIsVisible = 0; defaultConfigurationName = Release; };
/* End XCConfigurationList section */
	};
	rootObject = A10000000000000000000001 /* Project object */;
}
